// !$*UTF8*$!
{
	archiveVersion = 1;
	classes = {
	};
	objectVersion = 50;
	objects = {

/* Begin PBXFileReference section */
		C0C51443263E2AB50083AC53 /* Loops.playground */ = {isa = PBXFileReference; lastKnownFileType = file.playground; path = Loops.playground; sourceTree = "<group>"; xcLanguageSpecificationIdentifier = xcode.lang.swift; };
		C0C944A526890A0A0073507D /* Structs_Two.playground */ = {isa = PBXFileReference; lastKnownFileType = file.playground; path = Structs_Two.playground; sourceTree = "<group>"; xcLanguageSpecificationIdentifier = xcode.lang.swift; };
		C0C944A72689294A0073507D /* Classes.playground */ = {isa = PBXFileReference; lastKnownFileType = file.playground; path = Classes.playground; sourceTree = "<group>"; xcLanguageSpecificationIdentifier = xcode.lang.swift; };
		C0CBE678263A5DDF00E6C4EB /* var_let.swift */ = {isa = PBXFileReference; lastKnownFileType = sourcecode.swift; path = var_let.swift; sourceTree = "<group>"; };
		C0CBE679263A5ECC00E6C4EB /* collections.swift */ = {isa = PBXFileReference; lastKnownFileType = sourcecode.swift; path = collections.swift; sourceTree = "<group>"; };
		C0CBE67A263A61CA00E6C4EB /* operators_and_conditions.swift */ = {isa = PBXFileReference; lastKnownFileType = sourcecode.swift; path = operators_and_conditions.swift; sourceTree = "<group>"; };
		C0F6603C26880BEA00AC01E5 /* Day 6 */ = {isa = PBXFileReference; lastKnownFileType = folder; path = "Day 6"; sourceTree = "<group>"; };
		C0F6604226880E5E00AC01E5 /* Functions.playground */ = {isa = PBXFileReference; lastKnownFileType = file.playground; path = Functions.playground; sourceTree = "<group>"; xcLanguageSpecificationIdentifier = xcode.lang.swift; };
		C0F6604826880FB600AC01E5 /* Clojures_One.playground */ = {isa = PBXFileReference; lastKnownFileType = file.playground; path = Clojures_One.playground; sourceTree = "<group>"; xcLanguageSpecificationIdentifier = xcode.lang.swift; };
		C0F6604A268819A800AC01E5 /* Clojures_Two.playground */ = {isa = PBXFileReference; lastKnownFileType = file.playground; path = Clojures_Two.playground; sourceTree = "<group>"; xcLanguageSpecificationIdentifier = xcode.lang.swift; };
		C0F6604C2688365A00AC01E5 /* Structs.playground */ = {isa = PBXFileReference; lastKnownFileType = file.playground; path = Structs.playground; sourceTree = "<group>"; xcLanguageSpecificationIdentifier = xcode.lang.swift; };
		C0F6604D268850FE00AC01E5 /* Methods_Of_Arrays.playground */ = {isa = PBXFileReference; lastKnownFileType = file.playground; path = Methods_Of_Arrays.playground; sourceTree = "<group>"; xcLanguageSpecificationIdentifier = xcode.lang.swift; };
		C0F6604E2688516000AC01E5 /* Methods_Of_Strings.playground */ = {isa = PBXFileReference; lastKnownFileType = file.playground; path = Methods_Of_Strings.playground; sourceTree = "<group>"; xcLanguageSpecificationIdentifier = xcode.lang.swift; };
/* End PBXFileReference section */

/* Begin PBXGroup section */
		C07BA0C9268676E2008F3398 /* Day 5 */ = {
			isa = PBXGroup;
			children = (
				C0F6604226880E5E00AC01E5 /* Functions.playground */,
			);
			name = "Day 5";
			sourceTree = "<group>";
		};
		C0C51442263E2A500083AC53 /* Day 4 */ = {
			isa = PBXGroup;
			children = (
				C0C51443263E2AB50083AC53 /* Loops.playground */,
			);
			name = "Day 4";
			sourceTree = "<group>";
		};
		C0C944A4268909D50073507D /* Day 9 */ = {
			isa = PBXGroup;
			children = (
				C0C944A526890A0A0073507D /* Structs_Two.playground */,
			);
			path = "Day 9";
			sourceTree = "<group>";
		};
		C0C944A6268929340073507D /* Day 10 */ = {
			isa = PBXGroup;
			children = (
				C0C944A72689294A0073507D /* Classes.playground */,
			);
			path = "Day 10";
			sourceTree = "<group>";
		};
		C0CBE66E263A5CD400E6C4EB = {
			isa = PBXGroup;
			children = (
				C0C944A6268929340073507D /* Day 10 */,
				C0CBE675263A5D2100E6C4EB /* Day  1 */,
				C0CBE676263A5D5700E6C4EB /* Day 2 */,
				C0CBE677263A5D6000E6C4EB /* Day 3 */,
				C0C51442263E2A500083AC53 /* Day 4 */,
				C07BA0C9268676E2008F3398 /* Day 5 */,
				C0F6604726880F9700AC01E5 /* Day 6 */,
				C0F660492688195F00AC01E5 /* Day 7 */,
				C0F6604B2688361300AC01E5 /* Day 8 */,
				C0C944A4268909D50073507D /* Day 9 */,
			);
			sourceTree = "<group>";
		};
		C0CBE675263A5D2100E6C4EB /* Day  1 */ = {
			isa = PBXGroup;
			children = (
				C0CBE678263A5DDF00E6C4EB /* var_let.swift */,
			);
			name = "Day  1";
			sourceTree = "<group>";
		};
		C0CBE676263A5D5700E6C4EB /* Day 2 */ = {
			isa = PBXGroup;
			children = (
				C0CBE679263A5ECC00E6C4EB /* collections.swift */,
			);
			name = "Day 2";
			sourceTree = "<group>";
		};
		C0CBE677263A5D6000E6C4EB /* Day 3 */ = {
			isa = PBXGroup;
			children = (
				C0F6603C26880BEA00AC01E5 /* Day 6 */,
				C0CBE67A263A61CA00E6C4EB /* operators_and_conditions.swift */,
			);
			name = "Day 3";
			sourceTree = "<group>";
		};
		C0F6604726880F9700AC01E5 /* Day 6 */ = {
			isa = PBXGroup;
			children = (
				C0F6604826880FB600AC01E5 /* Clojures_One.playground */,
			);
			path = "Day 6";
			sourceTree = "<group>";
		};
		C0F660492688195F00AC01E5 /* Day 7 */ = {
			isa = PBXGroup;
			children = (
				C0F6604A268819A800AC01E5 /* Clojures_Two.playground */,
			);
			path = "Day 7";
			sourceTree = "<group>";
		};
		C0F6604B2688361300AC01E5 /* Day 8 */ = {
			isa = PBXGroup;
			children = (
				C0F6604C2688365A00AC01E5 /* Structs.playground */,
				C0F6604D268850FE00AC01E5 /* Methods_Of_Arrays.playground */,
				C0F6604E2688516000AC01E5 /* Methods_Of_Strings.playground */,
			);
			name = "Day 8";
			sourceTree = "<group>";
		};
/* End PBXGroup section */

/* Begin PBXProject section */
		C0CBE66F263A5CD400E6C4EB /* Project object */ = {
			isa = PBXProject;
			attributes = {
				LastUpgradeCheck = 1250;
			};
			buildConfigurationList = C0CBE672263A5CD400E6C4EB /* Build configuration list for PBXProject "100 Dias de Swift Uikit" */;
			compatibilityVersion = "Xcode 9.3";
			developmentRegion = en;
			hasScannedForEncodings = 0;
			knownRegions = (
				en,
				Base,
			);
			mainGroup = C0CBE66E263A5CD400E6C4EB;
			projectDirPath = "";
			projectRoot = "";
			targets = (
			);
		};
/* End PBXProject section */

/* Begin XCBuildConfiguration section */
		C0CBE673263A5CD400E6C4EB /* Debug */ = {
			isa = XCBuildConfiguration;
			buildSettings = {
			};
			name = Debug;
		};
		C0CBE674263A5CD400E6C4EB /* Release */ = {
			isa = XCBuildConfiguration;
			buildSettings = {
			};
			name = Release;
		};
/* End XCBuildConfiguration section */

/* Begin XCConfigurationList section */
		C0CBE672263A5CD400E6C4EB /* Build configuration list for PBXProject "100 Dias de Swift Uikit" */ = {
			isa = XCConfigurationList;
			buildConfigurations = (
				C0CBE673263A5CD400E6C4EB /* Debug */,
				C0CBE674263A5CD400E6C4EB /* Release */,
			);
			defaultConfigurationIsVisible = 0;
			defaultConfigurationName = Release;
		};
/* End XCConfigurationList section */
	};
	rootObject = C0CBE66F263A5CD400E6C4EB /* Project object */;
}
