// !$*UTF8*$!
{
	archiveVersion = 1;
	classes = {
	};
	objectVersion = 50;
	objects = {

/* Begin PBXFileReference section */
		C0CBE678263A5DDF00E6C4EB /* var_let.swift */ = {isa = PBXFileReference; lastKnownFileType = sourcecode.swift; path = var_let.swift; sourceTree = "<group>"; };
		C0CBE679263A5ECC00E6C4EB /* collections.swift */ = {isa = PBXFileReference; lastKnownFileType = sourcecode.swift; path = collections.swift; sourceTree = "<group>"; };
		C0CBE67A263A61CA00E6C4EB /* operators_and_conditions.swift */ = {isa = PBXFileReference; lastKnownFileType = sourcecode.swift; path = operators_and_conditions.swift; sourceTree = "<group>"; };
/* End PBXFileReference section */

/* Begin PBXGroup section */
		C0CBE66E263A5CD400E6C4EB = {
			isa = PBXGroup;
			children = (
				C0CBE675263A5D2100E6C4EB /* Dia 1 */,
				C0CBE676263A5D5700E6C4EB /* Dia 2 */,
				C0CBE677263A5D6000E6C4EB /* Dia 3 */,
			);
			sourceTree = "<group>";
		};
		C0CBE675263A5D2100E6C4EB /* Dia 1 */ = {
			isa = PBXGroup;
			children = (
				C0CBE678263A5DDF00E6C4EB /* var_let.swift */,
			);
			name = "Dia 1";
			sourceTree = "<group>";
		};
		C0CBE676263A5D5700E6C4EB /* Dia 2 */ = {
			isa = PBXGroup;
			children = (
				C0CBE679263A5ECC00E6C4EB /* collections.swift */,
			);
			name = "Dia 2";
			sourceTree = "<group>";
		};
		C0CBE677263A5D6000E6C4EB /* Dia 3 */ = {
			isa = PBXGroup;
			children = (
				C0CBE67A263A61CA00E6C4EB /* operators_and_conditions.swift */,
			);
			name = "Dia 3";
			sourceTree = "<group>";
		};
/* End PBXGroup section */

/* Begin PBXProject section */
		C0CBE66F263A5CD400E6C4EB /* Project object */ = {
			isa = PBXProject;
			attributes = {
				LastUpgradeCheck = 1250;
			};
			buildConfigurationList = C0CBE672263A5CD400E6C4EB /* Build configuration list for PBXProject "100 Dias de SwiftUi" */;
			compatibilityVersion = "Xcode 9.3";
			developmentRegion = en;
			hasScannedForEncodings = 0;
			knownRegions = (
				en,
				Base,
			);
			mainGroup = C0CBE66E263A5CD400E6C4EB;
			projectDirPath = "";
			projectRoot = "";
			targets = (
			);
		};
/* End PBXProject section */

/* Begin XCBuildConfiguration section */
		C0CBE673263A5CD400E6C4EB /* Debug */ = {
			isa = XCBuildConfiguration;
			buildSettings = {
			};
			name = Debug;
		};
		C0CBE674263A5CD400E6C4EB /* Release */ = {
			isa = XCBuildConfiguration;
			buildSettings = {
			};
			name = Release;
		};
/* End XCBuildConfiguration section */

/* Begin XCConfigurationList section */
		C0CBE672263A5CD400E6C4EB /* Build configuration list for PBXProject "100 Dias de SwiftUi" */ = {
			isa = XCConfigurationList;
			buildConfigurations = (
				C0CBE673263A5CD400E6C4EB /* Debug */,
				C0CBE674263A5CD400E6C4EB /* Release */,
			);
			defaultConfigurationIsVisible = 0;
			defaultConfigurationName = Release;
		};
/* End XCConfigurationList section */
	};
	rootObject = C0CBE66F263A5CD400E6C4EB /* Project object */;
}
