// !$*UTF8*$!
{
	archiveVersion = 1;
	classes = {
	};
	objectVersion = 50;
	objects = {

/* Begin PBXGroup section */
		C0CBE66E263A5CD400E6C4EB = {
			isa = PBXGroup;
			children = (
			);
			sourceTree = "<group>";
		};
/* End PBXGroup section */

/* Begin PBXProject section */
		C0CBE66F263A5CD400E6C4EB /* Project object */ = {
			isa = PBXProject;
			attributes = {
				LastUpgradeCheck = 1250;
			};
			buildConfigurationList = C0CBE672263A5CD400E6C4EB /* Build configuration list for PBXProject "100 Dias de SwiftUi" */;
			compatibilityVersion = "Xcode 9.3";
			developmentRegion = en;
			hasScannedForEncodings = 0;
			knownRegions = (
				en,
				Base,
			);
			mainGroup = C0CBE66E263A5CD400E6C4EB;
			projectDirPath = "";
			projectRoot = "";
			targets = (
			);
		};
/* End PBXProject section */

/* Begin XCBuildConfiguration section */
		C0CBE673263A5CD400E6C4EB /* Debug */ = {
			isa = XCBuildConfiguration;
			buildSettings = {
			};
			name = Debug;
		};
		C0CBE674263A5CD400E6C4EB /* Release */ = {
			isa = XCBuildConfiguration;
			buildSettings = {
			};
			name = Release;
		};
/* End XCBuildConfiguration section */

/* Begin XCConfigurationList section */
		C0CBE672263A5CD400E6C4EB /* Build configuration list for PBXProject "100 Dias de SwiftUi" */ = {
			isa = XCConfigurationList;
			buildConfigurations = (
				C0CBE673263A5CD400E6C4EB /* Debug */,
				C0CBE674263A5CD400E6C4EB /* Release */,
			);
			defaultConfigurationIsVisible = 0;
			defaultConfigurationName = Release;
		};
/* End XCConfigurationList section */
	};
	rootObject = C0CBE66F263A5CD400E6C4EB /* Project object */;
}
